
Microsoft Visual Studio Solution File, Format Version 12.00
# Visual Studio Version 16
VisualStudioVersion = 16.0.31515.178
MinimumVisualStudioVersion = 10.0.40219.1
Project("{9A19103F-16F7-4668-BE54-9A1E7A4F7556}") = "PurchaseRequests", "PurchaseRequests\PurchaseRequests.csproj", "{507B3BB0-084D-4FA9-B914-FB6136151635}"
EndProject
Project("{FAE04EC0-301F-11D3-BF4B-00C04F79EFBC}") = "PurchaseRequestsTests", "PurchaseRequestsTests\PurchaseRequestsTests.csproj", "{E2529940-04AF-43E8-84F7-978790C656C1}"
	ProjectSection(ProjectDependencies) = postProject
		{507B3BB0-084D-4FA9-B914-FB6136151635} = {507B3BB0-084D-4FA9-B914-FB6136151635}
	EndProjectSection
EndProject
Global
	GlobalSection(SolutionConfigurationPlatforms) = preSolution
		Debug|Any CPU = Debug|Any CPU
		Release|Any CPU = Release|Any CPU
	EndGlobalSection
	GlobalSection(ProjectConfigurationPlatforms) = postSolution
		{507B3BB0-084D-4FA9-B914-FB6136151635}.Debug|Any CPU.ActiveCfg = Debug|Any CPU
		{507B3BB0-084D-4FA9-B914-FB6136151635}.Debug|Any CPU.Build.0 = Debug|Any CPU
		{507B3BB0-084D-4FA9-B914-FB6136151635}.Release|Any CPU.ActiveCfg = Release|Any CPU
		{507B3BB0-084D-4FA9-B914-FB6136151635}.Release|Any CPU.Build.0 = Release|Any CPU
		{E2529940-04AF-43E8-84F7-978790C656C1}.Debug|Any CPU.ActiveCfg = Debug|Any CPU
		{E2529940-04AF-43E8-84F7-978790C656C1}.Debug|Any CPU.Build.0 = Debug|Any CPU
		{E2529940-04AF-43E8-84F7-978790C656C1}.Release|Any CPU.ActiveCfg = Release|Any CPU
		{E2529940-04AF-43E8-84F7-978790C656C1}.Release|Any CPU.Build.0 = Release|Any CPU
	EndGlobalSection
	GlobalSection(SolutionProperties) = preSolution
		HideSolutionNode = FALSE
	EndGlobalSection
	GlobalSection(ExtensibilityGlobals) = postSolution
		SolutionGuid = {E33506F2-41CB-49D0-99EC-D356FD8488DC}
	EndGlobalSection
EndGlobal
